
Microsoft Visual Studio Solution File, Format Version 12.00
# Visual Studio Version 17
VisualStudioVersion = 17.8.34330.188
MinimumVisualStudioVersion = 10.0.40219.1
Project("{FAE04EC0-301F-11D3-BF4B-00C04F79EFBC}") = "Kantin Otomasyonu", "Kantin Otomasyonu\Kantin Otomasyonu.csproj", "{BD72CB57-4C60-46BA-BA61-C36F4E0614C4}"
EndProject
Global
	GlobalSection(SolutionConfigurationPlatforms) = preSolution
		Debug|Any CPU = Debug|Any CPU
		Debug|x64 = Debug|x64
		Release|Any CPU = Release|Any CPU
		Release|x64 = Release|x64
	EndGlobalSection
	GlobalSection(ProjectConfigurationPlatforms) = postSolution
		{BD72CB57-4C60-46BA-BA61-C36F4E0614C4}.Debug|Any CPU.ActiveCfg = Debug|Any CPU
		{BD72CB57-4C60-46BA-BA61-C36F4E0614C4}.Debug|Any CPU.Build.0 = Debug|Any CPU
		{BD72CB57-4C60-46BA-BA61-C36F4E0614C4}.Debug|x64.ActiveCfg = Debug|x64
		{BD72CB57-4C60-46BA-BA61-C36F4E0614C4}.Debug|x64.Build.0 = Debug|x64
		{BD72CB57-4C60-46BA-BA61-C36F4E0614C4}.Release|Any CPU.ActiveCfg = Release|Any CPU
		{BD72CB57-4C60-46BA-BA61-C36F4E0614C4}.Release|Any CPU.Build.0 = Release|Any CPU
		{BD72CB57-4C60-46BA-BA61-C36F4E0614C4}.Release|x64.ActiveCfg = Release|x64
		{BD72CB57-4C60-46BA-BA61-C36F4E0614C4}.Release|x64.Build.0 = Release|x64
	EndGlobalSection
	GlobalSection(SolutionProperties) = preSolution
		HideSolutionNode = FALSE
	EndGlobalSection
	GlobalSection(ExtensibilityGlobals) = postSolution
		SolutionGuid = {2307E275-F464-4818-90CC-C609ACE45446}
	EndGlobalSection
EndGlobal
